
Microsoft Visual Studio Solution File, Format Version 12.00
# Visual Studio Version 17
VisualStudioVersion = 17.11.35312.102
MinimumVisualStudioVersion = 10.0.40219.1
Project("{FAE04EC0-301F-11D3-BF4B-00C04F79EFBC}") = "FuncVsOOP", "FuncVsOOP\FuncVsOOP.csproj", "{74EB080D-B0EF-46D2-9CA4-6F47338121C2}"
EndProject
Global
	GlobalSection(SolutionConfigurationPlatforms) = preSolution
		Debug|Any CPU = Debug|Any CPU
		Release|Any CPU = Release|Any CPU
	EndGlobalSection
	GlobalSection(ProjectConfigurationPlatforms) = postSolution
		{74EB080D-B0EF-46D2-9CA4-6F47338121C2}.Debug|Any CPU.ActiveCfg = Debug|Any CPU
		{74EB080D-B0EF-46D2-9CA4-6F47338121C2}.Debug|Any CPU.Build.0 = Debug|Any CPU
		{74EB080D-B0EF-46D2-9CA4-6F47338121C2}.Release|Any CPU.ActiveCfg = Release|Any CPU
		{74EB080D-B0EF-46D2-9CA4-6F47338121C2}.Release|Any CPU.Build.0 = Release|Any CPU
	EndGlobalSection
	GlobalSection(SolutionProperties) = preSolution
		HideSolutionNode = FALSE
	EndGlobalSection
	GlobalSection(ExtensibilityGlobals) = postSolution
		SolutionGuid = {958F72E4-E666-4FE0-9740-D0B6D2A0EA17}
	EndGlobalSection
EndGlobal
